// !$*UTF8*$!
{
	archiveVersion = 1;
	classes = {
	};
	objectVersion = 48;
	objects = {

/* Begin PBXBuildFile section */
		8EFD8D592015C0AC00890DAB /* AppDelegate.swift in Sources */ = {isa = PBXBuildFile; fileRef = 8EFD8D582015C0AC00890DAB /* AppDelegate.swift */; };
		8EFD8D5B2015C0AC00890DAB /* ViewController.swift in Sources */ = {isa = PBXBuildFile; fileRef = 8EFD8D5A2015C0AC00890DAB /* ViewController.swift */; };
		8EFD8D5E2015C0AC00890DAB /* Main.storyboard in Resources */ = {isa = PBXBuildFile; fileRef = 8EFD8D5C2015C0AC00890DAB /* Main.storyboard */; };
		8EFD8D602015C0AC00890DAB /* Assets.xcassets in Resources */ = {isa = PBXBuildFile; fileRef = 8EFD8D5F2015C0AC00890DAB /* Assets.xcassets */; };
		8EFD8D632015C0AC00890DAB /* LaunchScreen.storyboard in Resources */ = {isa = PBXBuildFile; fileRef = 8EFD8D612015C0AC00890DAB /* LaunchScreen.storyboard */; };
		8EFD8D6B2015C0BB00890DAB /* MCGCDTimer.swift in Sources */ = {isa = PBXBuildFile; fileRef = 8EFD8D6A2015C0BA00890DAB /* MCGCDTimer.swift */; };
/* End PBXBuildFile section */

/* Begin PBXFileReference section */
		8EFD8D552015C0AC00890DAB /* MCGCDTimer.app */ = {isa = PBXFileReference; explicitFileType = wrapper.application; includeInIndex = 0; path = MCGCDTimer.app; sourceTree = BUILT_PRODUCTS_DIR; };
		8EFD8D582015C0AC00890DAB /* AppDelegate.swift */ = {isa = PBXFileReference; lastKnownFileType = sourcecode.swift; path = AppDelegate.swift; sourceTree = "<group>"; };
		8EFD8D5A2015C0AC00890DAB /* ViewController.swift */ = {isa = PBXFileReference; lastKnownFileType = sourcecode.swift; path = ViewController.swift; sourceTree = "<group>"; };
		8EFD8D5D2015C0AC00890DAB /* Base */ = {isa = PBXFileReference; lastKnownFileType = file.storyboard; name = Base; path = Base.lproj/Main.storyboard; sourceTree = "<group>"; };
		8EFD8D5F2015C0AC00890DAB /* Assets.xcassets */ = {isa = PBXFileReference; lastKnownFileType = folder.assetcatalog; path = Assets.xcassets; sourceTree = "<group>"; };
		8EFD8D622015C0AC00890DAB /* Base */ = {isa = PBXFileReference; lastKnownFileType = file.storyboard; name = Base; path = Base.lproj/LaunchScreen.storyboard; sourceTree = "<group>"; };
		8EFD8D642015C0AC00890DAB /* Info.plist */ = {isa = PBXFileReference; lastKnownFileType = text.plist.xml; path = Info.plist; sourceTree = "<group>"; };
		8EFD8D6A2015C0BA00890DAB /* MCGCDTimer.swift */ = {isa = PBXFileReference; fileEncoding = 4; lastKnownFileType = sourcecode.swift; path = MCGCDTimer.swift; sourceTree = "<group>"; };
/* End PBXFileReference section */

/* Begin PBXFrameworksBuildPhase section */
		8EFD8D522015C0AC00890DAB /* Frameworks */ = {
			isa = PBXFrameworksBuildPhase;
			buildActionMask = 2147483647;
			files = (
			);
			runOnlyForDeploymentPostprocessing = 0;
		};
/* End PBXFrameworksBuildPhase section */

/* Begin PBXGroup section */
		8EFD8D4C2015C0AC00890DAB = {
			isa = PBXGroup;
			children = (
				8EFD8D572015C0AC00890DAB /* MCGCDTimer */,
				8EFD8D562015C0AC00890DAB /* Products */,
			);
			sourceTree = "<group>";
		};
		8EFD8D562015C0AC00890DAB /* Products */ = {
			isa = PBXGroup;
			children = (
				8EFD8D552015C0AC00890DAB /* MCGCDTimer.app */,
			);
			name = Products;
			sourceTree = "<group>";
		};
		8EFD8D572015C0AC00890DAB /* MCGCDTimer */ = {
			isa = PBXGroup;
			children = (
				8EFD8D582015C0AC00890DAB /* AppDelegate.swift */,
				8EFD8D5A2015C0AC00890DAB /* ViewController.swift */,
				8EFD8D5C2015C0AC00890DAB /* Main.storyboard */,
				8EFD8D5F2015C0AC00890DAB /* Assets.xcassets */,
				8EFD8D612015C0AC00890DAB /* LaunchScreen.storyboard */,
				8EFD8D642015C0AC00890DAB /* Info.plist */,
				8EFD8D6A2015C0BA00890DAB /* MCGCDTimer.swift */,
			);
			path = MCGCDTimer;
			sourceTree = "<group>";
		};
/* End PBXGroup section */

/* Begin PBXNativeTarget section */
		8EFD8D542015C0AC00890DAB /* MCGCDTimer */ = {
			isa = PBXNativeTarget;
			buildConfigurationList = 8EFD8D672015C0AC00890DAB /* Build configuration list for PBXNativeTarget "MCGCDTimer" */;
			buildPhases = (
				8EFD8D512015C0AC00890DAB /* Sources */,
				8EFD8D522015C0AC00890DAB /* Frameworks */,
				8EFD8D532015C0AC00890DAB /* Resources */,
			);
			buildRules = (
			);
			dependencies = (
			);
			name = MCGCDTimer;
			productName = MCGCDTimer;
			productReference = 8EFD8D552015C0AC00890DAB /* MCGCDTimer.app */;
			productType = "com.apple.product-type.application";
		};
/* End PBXNativeTarget section */

/* Begin PBXProject section */
		8EFD8D4D2015C0AC00890DAB /* Project object */ = {
			isa = PBXProject;
			attributes = {
				LastSwiftUpdateCheck = 0920;
				LastUpgradeCheck = 0920;
				ORGANIZATIONNAME = Enhart;
				TargetAttributes = {
					8EFD8D542015C0AC00890DAB = {
						CreatedOnToolsVersion = 9.2;
						ProvisioningStyle = Automatic;
					};
				};
			};
			buildConfigurationList = 8EFD8D502015C0AC00890DAB /* Build configuration list for PBXProject "MCGCDTimer" */;
			compatibilityVersion = "Xcode 8.0";
			developmentRegion = en;
			hasScannedForEncodings = 0;
			knownRegions = (
				en,
				Base,
			);
			mainGroup = 8EFD8D4C2015C0AC00890DAB;
			productRefGroup = 8EFD8D562015C0AC00890DAB /* Products */;
			projectDirPath = "";
			projectRoot = "";
			targets = (
				8EFD8D542015C0AC00890DAB /* MCGCDTimer */,
			);
		};
/* End PBXProject section */

/* Begin PBXResourcesBuildPhase section */
		8EFD8D532015C0AC00890DAB /* Resources */ = {
			isa = PBXResourcesBuildPhase;
			buildActionMask = 2147483647;
			files = (
				8EFD8D632015C0AC00890DAB /* LaunchScreen.storyboard in Resources */,
				8EFD8D602015C0AC00890DAB /* Assets.xcassets in Resources */,
				8EFD8D5E2015C0AC00890DAB /* Main.storyboard in Resources */,
			);
			runOnlyForDeploymentPostprocessing = 0;
		};
/* End PBXResourcesBuildPhase section */

/* Begin PBXSourcesBuildPhase section */
		8EFD8D512015C0AC00890DAB /* Sources */ = {
			isa = PBXSourcesBuildPhase;
			buildActionMask = 2147483647;
			files = (
				8EFD8D5B2015C0AC00890DAB /* ViewController.swift in Sources */,
				8EFD8D6B2015C0BB00890DAB /* MCGCDTimer.swift in Sources */,
				8EFD8D592015C0AC00890DAB /* AppDelegate.swift in Sources */,
			);
			runOnlyForDeploymentPostprocessing = 0;
		};
/* End PBXSourcesBuildPhase section */

/* Begin PBXVariantGroup section */
		8EFD8D5C2015C0AC00890DAB /* Main.storyboard */ = {
			isa = PBXVariantGroup;
			children = (
				8EFD8D5D2015C0AC00890DAB /* Base */,
			);
			name = Main.storyboard;
			sourceTree = "<group>";
		};
		8EFD8D612015C0AC00890DAB /* LaunchScreen.storyboard */ = {
			isa = PBXVariantGroup;
			children = (
				8EFD8D622015C0AC00890DAB /* Base */,
			);
			name = LaunchScreen.storyboard;
			sourceTree = "<group>";
		};
/* End PBXVariantGroup section */

/* Begin XCBuildConfiguration section */
		8EFD8D652015C0AC00890DAB /* Debug */ = {
			isa = XCBuildConfiguration;
			buildSettings = {
				ALWAYS_SEARCH_USER_PATHS = NO;
				CLANG_ANALYZER_NONNULL = YES;
				CLANG_ANALYZER_NUMBER_OBJECT_CONVERSION = YES_AGGRESSIVE;
				CLANG_CXX_LANGUAGE_STANDARD = "gnu++14";
				CLANG_CXX_LIBRARY = "libc++";
				CLANG_ENABLE_MODULES = YES;
				CLANG_ENABLE_OBJC_ARC = YES;
				CLANG_WARN_BLOCK_CAPTURE_AUTORELEASING = YES;
				CLANG_WARN_BOOL_CONVERSION = YES;
				CLANG_WARN_COMMA = YES;
				CLANG_WARN_CONSTANT_CONVERSION = YES;
				CLANG_WARN_DIRECT_OBJC_ISA_USAGE = YES_ERROR;
				CLANG_WARN_DOCUMENTATION_COMMENTS = YES;
				CLANG_WARN_EMPTY_BODY = YES;
				CLANG_WARN_ENUM_CONVERSION = YES;
				CLANG_WARN_INFINITE_RECURSION = YES;
				CLANG_WARN_INT_CONVERSION = YES;
				CLANG_WARN_NON_LITERAL_NULL_CONVERSION = YES;
				CLANG_WARN_OBJC_LITERAL_CONVERSION = YES;
				CLANG_WARN_OBJC_ROOT_CLASS = YES_ERROR;
				CLANG_WARN_RANGE_LOOP_ANALYSIS = YES;
				CLANG_WARN_STRICT_PROTOTYPES = YES;
				CLANG_WARN_SUSPICIOUS_MOVE = YES;
				CLANG_WARN_UNGUARDED_AVAILABILITY = YES_AGGRESSIVE;
				CLANG_WARN_UNREACHABLE_CODE = YES;
				CLANG_WARN__DUPLICATE_METHOD_MATCH = YES;
				CODE_SIGN_IDENTITY = "iPhone Developer";
				COPY_PHASE_STRIP = NO;
				DEBUG_INFORMATION_FORMAT = dwarf;
				ENABLE_STRICT_OBJC_MSGSEND = YES;
				ENABLE_TESTABILITY = YES;
				GCC_C_LANGUAGE_STANDARD = gnu11;
				GCC_DYNAMIC_NO_PIC = NO;
				GCC_NO_COMMON_BLOCKS = YES;
				GCC_OPTIMIZATION_LEVEL = 0;
				GCC_PREPROCESSOR_DEFINITIONS = (
					"DEBUG=1",
					"$(inherited)",
				);
				GCC_WARN_64_TO_32_BIT_CONVERSION = YES;
				GCC_WARN_ABOUT_RETURN_TYPE = YES_ERROR;
				GCC_WARN_UNDECLARED_SELECTOR = YES;
				GCC_WARN_UNINITIALIZED_AUTOS = YES_AGGRESSIVE;
				GCC_WARN_UNUSED_FUNCTION = YES;
				GCC_WARN_UNUSED_VARIABLE = YES;
				IPHONEOS_DEPLOYMENT_TARGET = 11.2;
				MTL_ENABLE_DEBUG_INFO = YES;
				ONLY_ACTIVE_ARCH = YES;
				SDKROOT = iphoneos;
				SWIFT_ACTIVE_COMPILATION_CONDITIONS = DEBUG;
				SWIFT_OPTIMIZATION_LEVEL = "-Onone";
			};
			name = Debug;
		};
		8EFD8D662015C0AC00890DAB /* Release */ = {
			isa = XCBuildConfiguration;
			buildSettings = {
				ALWAYS_SEARCH_USER_PATHS = NO;
				CLANG_ANALYZER_NONNULL = YES;
				CLANG_ANALYZER_NUMBER_OBJECT_CONVERSION = YES_AGGRESSIVE;
				CLANG_CXX_LANGUAGE_STANDARD = "gnu++14";
				CLANG_CXX_LIBRARY = "libc++";
				CLANG_ENABLE_MODULES = YES;
				CLANG_ENABLE_OBJC_ARC = YES;
				CLANG_WARN_BLOCK_CAPTURE_AUTORELEASING = YES;
				CLANG_WARN_BOOL_CONVERSION = YES;
				CLANG_WARN_COMMA = YES;
				CLANG_WARN_CONSTANT_CONVERSION = YES;
				CLANG_WARN_DIRECT_OBJC_ISA_USAGE = YES_ERROR;
				CLANG_WARN_DOCUMENTATION_COMMENTS = YES;
				CLANG_WARN_EMPTY_BODY = YES;
				CLANG_WARN_ENUM_CONVERSION = YES;
				CLANG_WARN_INFINITE_RECURSION = YES;
				CLANG_WARN_INT_CONVERSION = YES;
				CLANG_WARN_NON_LITERAL_NULL_CONVERSION = YES;
				CLANG_WARN_OBJC_LITERAL_CONVERSION = YES;
				CLANG_WARN_OBJC_ROOT_CLASS = YES_ERROR;
				CLANG_WARN_RANGE_LOOP_ANALYSIS = YES;
				CLANG_WARN_STRICT_PROTOTYPES = YES;
				CLANG_WARN_SUSPICIOUS_MOVE = YES;
				CLANG_WARN_UNGUARDED_AVAILABILITY = YES_AGGRESSIVE;
				CLANG_WARN_UNREACHABLE_CODE = YES;
				CLANG_WARN__DUPLICATE_METHOD_MATCH = YES;
				CODE_SIGN_IDENTITY = "iPhone Developer";
				COPY_PHASE_STRIP = NO;
				DEBUG_INFORMATION_FORMAT = "dwarf-with-dsym";
				ENABLE_NS_ASSERTIONS = NO;
				ENABLE_STRICT_OBJC_MSGSEND = YES;
				GCC_C_LANGUAGE_STANDARD = gnu11;
				GCC_NO_COMMON_BLOCKS = YES;
				GCC_WARN_64_TO_32_BIT_CONVERSION = YES;
				GCC_WARN_ABOUT_RETURN_TYPE = YES_ERROR;
				GCC_WARN_UNDECLARED_SELECTOR = YES;
				GCC_WARN_UNINITIALIZED_AUTOS = YES_AGGRESSIVE;
				GCC_WARN_UNUSED_FUNCTION = YES;
				GCC_WARN_UNUSED_VARIABLE = YES;
				IPHONEOS_DEPLOYMENT_TARGET = 11.2;
				MTL_ENABLE_DEBUG_INFO = NO;
				SDKROOT = iphoneos;
				SWIFT_OPTIMIZATION_LEVEL = "-Owholemodule";
				VALIDATE_PRODUCT = YES;
			};
			name = Release;
		};
		8EFD8D682015C0AC00890DAB /* Debug */ = {
			isa = XCBuildConfiguration;
			buildSettings = {
				ASSETCATALOG_COMPILER_APPICON_NAME = AppIcon;
				CODE_SIGN_STYLE = Automatic;
				DEVELOPMENT_TEAM = F7VX7YYTVH;
				INFOPLIST_FILE = MCGCDTimer/Info.plist;
				LD_RUNPATH_SEARCH_PATHS = "$(inherited) @executable_path/Frameworks";
				PRODUCT_BUNDLE_IDENTIFIER = "the-fighter.MCGCDTimer";
				PRODUCT_NAME = "$(TARGET_NAME)";
				SWIFT_VERSION = 4.0;
				TARGETED_DEVICE_FAMILY = "1,2";
			};
			name = Debug;
		};
		8EFD8D692015C0AC00890DAB /* Release */ = {
			isa = XCBuildConfiguration;
			buildSettings = {
				ASSETCATALOG_COMPILER_APPICON_NAME = AppIcon;
				CODE_SIGN_STYLE = Automatic;
				DEVELOPMENT_TEAM = F7VX7YYTVH;
				INFOPLIST_FILE = MCGCDTimer/Info.plist;
				LD_RUNPATH_SEARCH_PATHS = "$(inherited) @executable_path/Frameworks";
				PRODUCT_BUNDLE_IDENTIFIER = "the-fighter.MCGCDTimer";
				PRODUCT_NAME = "$(TARGET_NAME)";
				SWIFT_VERSION = 4.0;
				TARGETED_DEVICE_FAMILY = "1,2";
			};
			name = Release;
		};
/* End XCBuildConfiguration section */

/* Begin XCConfigurationList section */
		8EFD8D502015C0AC00890DAB /* Build configuration list for PBXProject "MCGCDTimer" */ = {
			isa = XCConfigurationList;
			buildConfigurations = (
				8EFD8D652015C0AC00890DAB /* Debug */,
				8EFD8D662015C0AC00890DAB /* Release */,
			);
			defaultConfigurationIsVisible = 0;
			defaultConfigurationName = Release;
		};
		8EFD8D672015C0AC00890DAB /* Build configuration list for PBXNativeTarget "MCGCDTimer" */ = {
			isa = XCConfigurationList;
			buildConfigurations = (
				8EFD8D682015C0AC00890DAB /* Debug */,
				8EFD8D692015C0AC00890DAB /* Release */,
			);
			defaultConfigurationIsVisible = 0;
			defaultConfigurationName = Release;
		};
/* End XCConfigurationList section */
	};
	rootObject = 8EFD8D4D2015C0AC00890DAB /* Project object */;
}
